// !$*UTF8*$!
{
	archiveVersion = 1;
	classes = {
	};
	objectVersion = 50;
	objects = {

/* Begin PBXBuildFile section */
		C5E17084263BEA6E00174FED /* Bo0kwormApp.swift in Sources */ = {isa = PBXBuildFile; fileRef = C5E17083263BEA6E00174FED /* Bo0kwormApp.swift */; };
		C5E17086263BEA6E00174FED /* ContentView.swift in Sources */ = {isa = PBXBuildFile; fileRef = C5E17085263BEA6E00174FED /* ContentView.swift */; };
		C5E17088263BEA6E00174FED /* Assets.xcassets in Resources */ = {isa = PBXBuildFile; fileRef = C5E17087263BEA6E00174FED /* Assets.xcassets */; };
		C5E1708B263BEA6E00174FED /* Preview Assets.xcassets in Resources */ = {isa = PBXBuildFile; fileRef = C5E1708A263BEA6E00174FED /* Preview Assets.xcassets */; };
		C5E1708D263BEA6E00174FED /* Persistence.swift in Sources */ = {isa = PBXBuildFile; fileRef = C5E1708C263BEA6E00174FED /* Persistence.swift */; };
		C5E17090263BEA6E00174FED /* Bo0kworm.xcdatamodeld in Sources */ = {isa = PBXBuildFile; fileRef = C5E1708E263BEA6E00174FED /* Bo0kworm.xcdatamodeld */; };
/* End PBXBuildFile section */

/* Begin PBXFileReference section */
		C5E17080263BEA6D00174FED /* Bo0kworm.app */ = {isa = PBXFileReference; explicitFileType = wrapper.application; includeInIndex = 0; path = Bo0kworm.app; sourceTree = BUILT_PRODUCTS_DIR; };
		C5E17083263BEA6E00174FED /* Bo0kwormApp.swift */ = {isa = PBXFileReference; lastKnownFileType = sourcecode.swift; path = Bo0kwormApp.swift; sourceTree = "<group>"; };
		C5E17085263BEA6E00174FED /* ContentView.swift */ = {isa = PBXFileReference; lastKnownFileType = sourcecode.swift; path = ContentView.swift; sourceTree = "<group>"; };
		C5E17087263BEA6E00174FED /* Assets.xcassets */ = {isa = PBXFileReference; lastKnownFileType = folder.assetcatalog; path = Assets.xcassets; sourceTree = "<group>"; };
		C5E1708A263BEA6E00174FED /* Preview Assets.xcassets */ = {isa = PBXFileReference; lastKnownFileType = folder.assetcatalog; path = "Preview Assets.xcassets"; sourceTree = "<group>"; };
		C5E1708C263BEA6E00174FED /* Persistence.swift */ = {isa = PBXFileReference; lastKnownFileType = sourcecode.swift; path = Persistence.swift; sourceTree = "<group>"; };
		C5E1708F263BEA6E00174FED /* Bo0kworm.xcdatamodel */ = {isa = PBXFileReference; lastKnownFileType = wrapper.xcdatamodel; path = Bo0kworm.xcdatamodel; sourceTree = "<group>"; };
		C5E17091263BEA6E00174FED /* Info.plist */ = {isa = PBXFileReference; lastKnownFileType = text.plist.xml; path = Info.plist; sourceTree = "<group>"; };
/* End PBXFileReference section */

/* Begin PBXFrameworksBuildPhase section */
		C5E1707D263BEA6D00174FED /* Frameworks */ = {
			isa = PBXFrameworksBuildPhase;
			buildActionMask = 2147483647;
			files = (
			);
			runOnlyForDeploymentPostprocessing = 0;
		};
/* End PBXFrameworksBuildPhase section */

/* Begin PBXGroup section */
		C5E17077263BEA6D00174FED = {
			isa = PBXGroup;
			children = (
				C5E17082263BEA6D00174FED /* Bo0kworm */,
				C5E17081263BEA6D00174FED /* Products */,
			);
			sourceTree = "<group>";
		};
		C5E17081263BEA6D00174FED /* Products */ = {
			isa = PBXGroup;
			children = (
				C5E17080263BEA6D00174FED /* Bo0kworm.app */,
			);
			name = Products;
			sourceTree = "<group>";
		};
		C5E17082263BEA6D00174FED /* Bo0kworm */ = {
			isa = PBXGroup;
			children = (
				C5E17083263BEA6E00174FED /* Bo0kwormApp.swift */,
				C5E17085263BEA6E00174FED /* ContentView.swift */,
				C5E17087263BEA6E00174FED /* Assets.xcassets */,
				C5E1708C263BEA6E00174FED /* Persistence.swift */,
				C5E17091263BEA6E00174FED /* Info.plist */,
				C5E1708E263BEA6E00174FED /* Bo0kworm.xcdatamodeld */,
				C5E17089263BEA6E00174FED /* Preview Content */,
			);
			path = Bo0kworm;
			sourceTree = "<group>";
		};
		C5E17089263BEA6E00174FED /* Preview Content */ = {
			isa = PBXGroup;
			children = (
				C5E1708A263BEA6E00174FED /* Preview Assets.xcassets */,
			);
			path = "Preview Content";
			sourceTree = "<group>";
		};
/* End PBXGroup section */

/* Begin PBXNativeTarget section */
		C5E1707F263BEA6D00174FED /* Bo0kworm */ = {
			isa = PBXNativeTarget;
			buildConfigurationList = C5E17094263BEA6E00174FED /* Build configuration list for PBXNativeTarget "Bo0kworm" */;
			buildPhases = (
				C5E1707C263BEA6D00174FED /* Sources */,
				C5E1707D263BEA6D00174FED /* Frameworks */,
				C5E1707E263BEA6D00174FED /* Resources */,
			);
			buildRules = (
			);
			dependencies = (
			);
			name = Bo0kworm;
			productName = Bo0kworm;
			productReference = C5E17080263BEA6D00174FED /* Bo0kworm.app */;
			productType = "com.apple.product-type.application";
		};
/* End PBXNativeTarget section */

/* Begin PBXProject section */
		C5E17078263BEA6D00174FED /* Project object */ = {
			isa = PBXProject;
			attributes = {
				LastSwiftUpdateCheck = 1240;
				LastUpgradeCheck = 1240;
				TargetAttributes = {
					C5E1707F263BEA6D00174FED = {
						CreatedOnToolsVersion = 12.4;
					};
				};
			};
			buildConfigurationList = C5E1707B263BEA6D00174FED /* Build configuration list for PBXProject "Bo0kworm" */;
			compatibilityVersion = "Xcode 9.3";
			developmentRegion = en;
			hasScannedForEncodings = 0;
			knownRegions = (
				en,
				Base,
			);
			mainGroup = C5E17077263BEA6D00174FED;
			productRefGroup = C5E17081263BEA6D00174FED /* Products */;
			projectDirPath = "";
			projectRoot = "";
			targets = (
				C5E1707F263BEA6D00174FED /* Bo0kworm */,
			);
		};
/* End PBXProject section */

/* Begin PBXResourcesBuildPhase section */
		C5E1707E263BEA6D00174FED /* Resources */ = {
			isa = PBXResourcesBuildPhase;
			buildActionMask = 2147483647;
			files = (
				C5E1708B263BEA6E00174FED /* Preview Assets.xcassets in Resources */,
				C5E17088263BEA6E00174FED /* Assets.xcassets in Resources */,
			);
			runOnlyForDeploymentPostprocessing = 0;
		};
/* End PBXResourcesBuildPhase section */

/* Begin PBXSourcesBuildPhase section */
		C5E1707C263BEA6D00174FED /* Sources */ = {
			isa = PBXSourcesBuildPhase;
			buildActionMask = 2147483647;
			files = (
				C5E1708D263BEA6E00174FED /* Persistence.swift in Sources */,
				C5E17086263BEA6E00174FED /* ContentView.swift in Sources */,
				C5E17090263BEA6E00174FED /* Bo0kworm.xcdatamodeld in Sources */,
				C5E17084263BEA6E00174FED /* Bo0kwormApp.swift in Sources */,
			);
			runOnlyForDeploymentPostprocessing = 0;
		};
/* End PBXSourcesBuildPhase section */

/* Begin XCBuildConfiguration section */
		C5E17092263BEA6E00174FED /* Debug */ = {
			isa = XCBuildConfiguration;
			buildSettings = {
				ALWAYS_SEARCH_USER_PATHS = NO;
				CLANG_ANALYZER_NONNULL = YES;
				CLANG_ANALYZER_NUMBER_OBJECT_CONVERSION = YES_AGGRESSIVE;
				CLANG_CXX_LANGUAGE_STANDARD = "gnu++14";
				CLANG_CXX_LIBRARY = "libc++";
				CLANG_ENABLE_MODULES = YES;
				CLANG_ENABLE_OBJC_ARC = YES;
				CLANG_ENABLE_OBJC_WEAK = YES;
				CLANG_WARN_BLOCK_CAPTURE_AUTORELEASING = YES;
				CLANG_WARN_BOOL_CONVERSION = YES;
				CLANG_WARN_COMMA = YES;
				CLANG_WARN_CONSTANT_CONVERSION = YES;
				CLANG_WARN_DEPRECATED_OBJC_IMPLEMENTATIONS = YES;
				CLANG_WARN_DIRECT_OBJC_ISA_USAGE = YES_ERROR;
				CLANG_WARN_DOCUMENTATION_COMMENTS = YES;
				CLANG_WARN_EMPTY_BODY = YES;
				CLANG_WARN_ENUM_CONVERSION = YES;
				CLANG_WARN_INFINITE_RECURSION = YES;
				CLANG_WARN_INT_CONVERSION = YES;
				CLANG_WARN_NON_LITERAL_NULL_CONVERSION = YES;
				CLANG_WARN_OBJC_IMPLICIT_RETAIN_SELF = YES;
				CLANG_WARN_OBJC_LITERAL_CONVERSION = YES;
				CLANG_WARN_OBJC_ROOT_CLASS = YES_ERROR;
				CLANG_WARN_QUOTED_INCLUDE_IN_FRAMEWORK_HEADER = YES;
				CLANG_WARN_RANGE_LOOP_ANALYSIS = YES;
				CLANG_WARN_STRICT_PROTOTYPES = YES;
				CLANG_WARN_SUSPICIOUS_MOVE = YES;
				CLANG_WARN_UNGUARDED_AVAILABILITY = YES_AGGRESSIVE;
				CLANG_WARN_UNREACHABLE_CODE = YES;
				CLANG_WARN__DUPLICATE_METHOD_MATCH = YES;
				COPY_PHASE_STRIP = NO;
				DEBUG_INFORMATION_FORMAT = dwarf;
				ENABLE_STRICT_OBJC_MSGSEND = YES;
				ENABLE_TESTABILITY = YES;
				GCC_C_LANGUAGE_STANDARD = gnu11;
				GCC_DYNAMIC_NO_PIC = NO;
				GCC_NO_COMMON_BLOCKS = YES;
				GCC_OPTIMIZATION_LEVEL = 0;
				GCC_PREPROCESSOR_DEFINITIONS = (
					"DEBUG=1",
					"$(inherited)",
				);
				GCC_WARN_64_TO_32_BIT_CONVERSION = YES;
				GCC_WARN_ABOUT_RETURN_TYPE = YES_ERROR;
				GCC_WARN_UNDECLARED_SELECTOR = YES;
				GCC_WARN_UNINITIALIZED_AUTOS = YES_AGGRESSIVE;
				GCC_WARN_UNUSED_FUNCTION = YES;
				GCC_WARN_UNUSED_VARIABLE = YES;
				IPHONEOS_DEPLOYMENT_TARGET = 14.4;
				MTL_ENABLE_DEBUG_INFO = INCLUDE_SOURCE;
				MTL_FAST_MATH = YES;
				ONLY_ACTIVE_ARCH = YES;
				SDKROOT = iphoneos;
				SWIFT_ACTIVE_COMPILATION_CONDITIONS = DEBUG;
				SWIFT_OPTIMIZATION_LEVEL = "-Onone";
			};
			name = Debug;
		};
		C5E17093263BEA6E00174FED /* Release */ = {
			isa = XCBuildConfiguration;
			buildSettings = {
				ALWAYS_SEARCH_USER_PATHS = NO;
				CLANG_ANALYZER_NONNULL = YES;
				CLANG_ANALYZER_NUMBER_OBJECT_CONVERSION = YES_AGGRESSIVE;
				CLANG_CXX_LANGUAGE_STANDARD = "gnu++14";
				CLANG_CXX_LIBRARY = "libc++";
				CLANG_ENABLE_MODULES = YES;
				CLANG_ENABLE_OBJC_ARC = YES;
				CLANG_ENABLE_OBJC_WEAK = YES;
				CLANG_WARN_BLOCK_CAPTURE_AUTORELEASING = YES;
				CLANG_WARN_BOOL_CONVERSION = YES;
				CLANG_WARN_COMMA = YES;
				CLANG_WARN_CONSTANT_CONVERSION = YES;
				CLANG_WARN_DEPRECATED_OBJC_IMPLEMENTATIONS = YES;
				CLANG_WARN_DIRECT_OBJC_ISA_USAGE = YES_ERROR;
				CLANG_WARN_DOCUMENTATION_COMMENTS = YES;
				CLANG_WARN_EMPTY_BODY = YES;
				CLANG_WARN_ENUM_CONVERSION = YES;
				CLANG_WARN_INFINITE_RECURSION = YES;
				CLANG_WARN_INT_CONVERSION = YES;
				CLANG_WARN_NON_LITERAL_NULL_CONVERSION = YES;
				CLANG_WARN_OBJC_IMPLICIT_RETAIN_SELF = YES;
				CLANG_WARN_OBJC_LITERAL_CONVERSION = YES;
				CLANG_WARN_OBJC_ROOT_CLASS = YES_ERROR;
				CLANG_WARN_QUOTED_INCLUDE_IN_FRAMEWORK_HEADER = YES;
				CLANG_WARN_RANGE_LOOP_ANALYSIS = YES;
				CLANG_WARN_STRICT_PROTOTYPES = YES;
				CLANG_WARN_SUSPICIOUS_MOVE = YES;
				CLANG_WARN_UNGUARDED_AVAILABILITY = YES_AGGRESSIVE;
				CLANG_WARN_UNREACHABLE_CODE = YES;
				CLANG_WARN__DUPLICATE_METHOD_MATCH = YES;
				COPY_PHASE_STRIP = NO;
				DEBUG_INFORMATION_FORMAT = "dwarf-with-dsym";
				ENABLE_NS_ASSERTIONS = NO;
				ENABLE_STRICT_OBJC_MSGSEND = YES;
				GCC_C_LANGUAGE_STANDARD = gnu11;
				GCC_NO_COMMON_BLOCKS = YES;
				GCC_WARN_64_TO_32_BIT_CONVERSION = YES;
				GCC_WARN_ABOUT_RETURN_TYPE = YES_ERROR;
				GCC_WARN_UNDECLARED_SELECTOR = YES;
				GCC_WARN_UNINITIALIZED_AUTOS = YES_AGGRESSIVE;
				GCC_WARN_UNUSED_FUNCTION = YES;
				GCC_WARN_UNUSED_VARIABLE = YES;
				IPHONEOS_DEPLOYMENT_TARGET = 14.4;
				MTL_ENABLE_DEBUG_INFO = NO;
				MTL_FAST_MATH = YES;
				SDKROOT = iphoneos;
				SWIFT_COMPILATION_MODE = wholemodule;
				SWIFT_OPTIMIZATION_LEVEL = "-O";
				VALIDATE_PRODUCT = YES;
			};
			name = Release;
		};
		C5E17095263BEA6E00174FED /* Debug */ = {
			isa = XCBuildConfiguration;
			buildSettings = {
				ASSETCATALOG_COMPILER_APPICON_NAME = AppIcon;
				ASSETCATALOG_COMPILER_GLOBAL_ACCENT_COLOR_NAME = AccentColor;
				CODE_SIGN_STYLE = Automatic;
				DEVELOPMENT_ASSET_PATHS = "\"Bo0kworm/Preview Content\"";
				ENABLE_PREVIEWS = YES;
				INFOPLIST_FILE = Bo0kworm/Info.plist;
				IPHONEOS_DEPLOYMENT_TARGET = 14.0;
				LD_RUNPATH_SEARCH_PATHS = (
					"$(inherited)",
					"@executable_path/Frameworks",
				);
				PRODUCT_BUNDLE_IDENTIFIER = com.swiftui.cobe.pers.Bo0kworm;
				PRODUCT_NAME = "$(TARGET_NAME)";
				SWIFT_VERSION = 5.0;
				TARGETED_DEVICE_FAMILY = "1,2";
			};
			name = Debug;
		};
		C5E17096263BEA6E00174FED /* Release */ = {
			isa = XCBuildConfiguration;
			buildSettings = {
				ASSETCATALOG_COMPILER_APPICON_NAME = AppIcon;
				ASSETCATALOG_COMPILER_GLOBAL_ACCENT_COLOR_NAME = AccentColor;
				CODE_SIGN_STYLE = Automatic;
				DEVELOPMENT_ASSET_PATHS = "\"Bo0kworm/Preview Content\"";
				ENABLE_PREVIEWS = YES;
				INFOPLIST_FILE = Bo0kworm/Info.plist;
				IPHONEOS_DEPLOYMENT_TARGET = 14.0;
				LD_RUNPATH_SEARCH_PATHS = (
					"$(inherited)",
					"@executable_path/Frameworks",
				);
				PRODUCT_BUNDLE_IDENTIFIER = com.swiftui.cobe.pers.Bo0kworm;
				PRODUCT_NAME = "$(TARGET_NAME)";
				SWIFT_VERSION = 5.0;
				TARGETED_DEVICE_FAMILY = "1,2";
			};
			name = Release;
		};
/* End XCBuildConfiguration section */

/* Begin XCConfigurationList section */
		C5E1707B263BEA6D00174FED /* Build configuration list for PBXProject "Bo0kworm" */ = {
			isa = XCConfigurationList;
			buildConfigurations = (
				C5E17092263BEA6E00174FED /* Debug */,
				C5E17093263BEA6E00174FED /* Release */,
			);
			defaultConfigurationIsVisible = 0;
			defaultConfigurationName = Release;
		};
		C5E17094263BEA6E00174FED /* Build configuration list for PBXNativeTarget "Bo0kworm" */ = {
			isa = XCConfigurationList;
			buildConfigurations = (
				C5E17095263BEA6E00174FED /* Debug */,
				C5E17096263BEA6E00174FED /* Release */,
			);
			defaultConfigurationIsVisible = 0;
			defaultConfigurationName = Release;
		};
/* End XCConfigurationList section */

/* Begin XCVersionGroup section */
		C5E1708E263BEA6E00174FED /* Bo0kworm.xcdatamodeld */ = {
			isa = XCVersionGroup;
			children = (
				C5E1708F263BEA6E00174FED /* Bo0kworm.xcdatamodel */,
			);
			currentVersion = C5E1708F263BEA6E00174FED /* Bo0kworm.xcdatamodel */;
			path = Bo0kworm.xcdatamodeld;
			sourceTree = "<group>";
			versionGroupType = wrapper.xcdatamodel;
		};
/* End XCVersionGroup section */
	};
	rootObject = C5E17078263BEA6D00174FED /* Project object */;
}
