// !$*UTF8*$!
{
	archiveVersion = 1;
	classes = {
	};
	objectVersion = 50;
	objects = {

/* Begin PBXBuildFile section */
		C5439FF6263E8F670033F4AE /* FilteredList.swift in Sources */ = {isa = PBXBuildFile; fileRef = C5439FF5263E8F670033F4AE /* FilteredList.swift */; };
		C543A005263E9E7C0033F4AE /* Singer+CoreDataClass.swift in Sources */ = {isa = PBXBuildFile; fileRef = C543A003263E9E7C0033F4AE /* Singer+CoreDataClass.swift */; };
		C543A006263E9E7C0033F4AE /* Singer+CoreDataProperties.swift in Sources */ = {isa = PBXBuildFile; fileRef = C543A004263E9E7C0033F4AE /* Singer+CoreDataProperties.swift */; };
		C59C128D263D4BCA0050C40D /* AppDelegate.swift in Sources */ = {isa = PBXBuildFile; fileRef = C59C128C263D4BCA0050C40D /* AppDelegate.swift */; };
		C59C128F263D4BCA0050C40D /* SceneDelegate.swift in Sources */ = {isa = PBXBuildFile; fileRef = C59C128E263D4BCA0050C40D /* SceneDelegate.swift */; };
		C59C1291263D4BCA0050C40D /* ContentView.swift in Sources */ = {isa = PBXBuildFile; fileRef = C59C1290263D4BCA0050C40D /* ContentView.swift */; };
		C59C1294263D4BCA0050C40D /* CoreDataProject.xcdatamodeld in Sources */ = {isa = PBXBuildFile; fileRef = C59C1292263D4BCA0050C40D /* CoreDataProject.xcdatamodeld */; };
		C59C1296263D4BCC0050C40D /* Assets.xcassets in Resources */ = {isa = PBXBuildFile; fileRef = C59C1295263D4BCC0050C40D /* Assets.xcassets */; };
		C59C1299263D4BCC0050C40D /* Preview Assets.xcassets in Resources */ = {isa = PBXBuildFile; fileRef = C59C1298263D4BCC0050C40D /* Preview Assets.xcassets */; };
		C59C129C263D4BCC0050C40D /* LaunchScreen.storyboard in Resources */ = {isa = PBXBuildFile; fileRef = C59C129A263D4BCC0050C40D /* LaunchScreen.storyboard */; };
/* End PBXBuildFile section */

/* Begin PBXFileReference section */
		C5439FF5263E8F670033F4AE /* FilteredList.swift */ = {isa = PBXFileReference; lastKnownFileType = sourcecode.swift; path = FilteredList.swift; sourceTree = "<group>"; };
		C543A003263E9E7C0033F4AE /* Singer+CoreDataClass.swift */ = {isa = PBXFileReference; lastKnownFileType = sourcecode.swift; path = "Singer+CoreDataClass.swift"; sourceTree = SOURCE_ROOT; };
		C543A004263E9E7C0033F4AE /* Singer+CoreDataProperties.swift */ = {isa = PBXFileReference; lastKnownFileType = sourcecode.swift; path = "Singer+CoreDataProperties.swift"; sourceTree = SOURCE_ROOT; };
		C59C1289263D4BCA0050C40D /* CoreDataProject.app */ = {isa = PBXFileReference; explicitFileType = wrapper.application; includeInIndex = 0; path = CoreDataProject.app; sourceTree = BUILT_PRODUCTS_DIR; };
		C59C128C263D4BCA0050C40D /* AppDelegate.swift */ = {isa = PBXFileReference; lastKnownFileType = sourcecode.swift; path = AppDelegate.swift; sourceTree = "<group>"; };
		C59C128E263D4BCA0050C40D /* SceneDelegate.swift */ = {isa = PBXFileReference; lastKnownFileType = sourcecode.swift; path = SceneDelegate.swift; sourceTree = "<group>"; };
		C59C1290263D4BCA0050C40D /* ContentView.swift */ = {isa = PBXFileReference; lastKnownFileType = sourcecode.swift; path = ContentView.swift; sourceTree = "<group>"; };
		C59C1293263D4BCA0050C40D /* CoreDataProject.xcdatamodel */ = {isa = PBXFileReference; lastKnownFileType = wrapper.xcdatamodel; path = CoreDataProject.xcdatamodel; sourceTree = "<group>"; };
		C59C1295263D4BCC0050C40D /* Assets.xcassets */ = {isa = PBXFileReference; lastKnownFileType = folder.assetcatalog; path = Assets.xcassets; sourceTree = "<group>"; };
		C59C1298263D4BCC0050C40D /* Preview Assets.xcassets */ = {isa = PBXFileReference; lastKnownFileType = folder.assetcatalog; path = "Preview Assets.xcassets"; sourceTree = "<group>"; };
		C59C129B263D4BCC0050C40D /* Base */ = {isa = PBXFileReference; lastKnownFileType = file.storyboard; name = Base; path = Base.lproj/LaunchScreen.storyboard; sourceTree = "<group>"; };
		C59C129D263D4BCC0050C40D /* Info.plist */ = {isa = PBXFileReference; lastKnownFileType = text.plist.xml; path = Info.plist; sourceTree = "<group>"; };
/* End PBXFileReference section */

/* Begin PBXFrameworksBuildPhase section */
		C59C1286263D4BCA0050C40D /* Frameworks */ = {
			isa = PBXFrameworksBuildPhase;
			buildActionMask = 2147483647;
			files = (
			);
			runOnlyForDeploymentPostprocessing = 0;
		};
/* End PBXFrameworksBuildPhase section */

/* Begin PBXGroup section */
		C59C1280263D4BC90050C40D = {
			isa = PBXGroup;
			children = (
				C59C128B263D4BCA0050C40D /* CoreDataProject */,
				C59C128A263D4BCA0050C40D /* Products */,
			);
			sourceTree = "<group>";
		};
		C59C128A263D4BCA0050C40D /* Products */ = {
			isa = PBXGroup;
			children = (
				C59C1289263D4BCA0050C40D /* CoreDataProject.app */,
			);
			name = Products;
			sourceTree = "<group>";
		};
		C59C128B263D4BCA0050C40D /* CoreDataProject */ = {
			isa = PBXGroup;
			children = (
				C543A003263E9E7C0033F4AE /* Singer+CoreDataClass.swift */,
				C543A004263E9E7C0033F4AE /* Singer+CoreDataProperties.swift */,
				C59C128C263D4BCA0050C40D /* AppDelegate.swift */,
				C59C128E263D4BCA0050C40D /* SceneDelegate.swift */,
				C59C1290263D4BCA0050C40D /* ContentView.swift */,
				C5439FF5263E8F670033F4AE /* FilteredList.swift */,
				C59C1295263D4BCC0050C40D /* Assets.xcassets */,
				C59C129A263D4BCC0050C40D /* LaunchScreen.storyboard */,
				C59C129D263D4BCC0050C40D /* Info.plist */,
				C59C1292263D4BCA0050C40D /* CoreDataProject.xcdatamodeld */,
				C59C1297263D4BCC0050C40D /* Preview Content */,
			);
			path = CoreDataProject;
			sourceTree = "<group>";
		};
		C59C1297263D4BCC0050C40D /* Preview Content */ = {
			isa = PBXGroup;
			children = (
				C59C1298263D4BCC0050C40D /* Preview Assets.xcassets */,
			);
			path = "Preview Content";
			sourceTree = "<group>";
		};
/* End PBXGroup section */

/* Begin PBXNativeTarget section */
		C59C1288263D4BCA0050C40D /* CoreDataProject */ = {
			isa = PBXNativeTarget;
			buildConfigurationList = C59C12A0263D4BCC0050C40D /* Build configuration list for PBXNativeTarget "CoreDataProject" */;
			buildPhases = (
				C59C1285263D4BCA0050C40D /* Sources */,
				C59C1286263D4BCA0050C40D /* Frameworks */,
				C59C1287263D4BCA0050C40D /* Resources */,
			);
			buildRules = (
			);
			dependencies = (
			);
			name = CoreDataProject;
			productName = CoreDataProject;
			productReference = C59C1289263D4BCA0050C40D /* CoreDataProject.app */;
			productType = "com.apple.product-type.application";
		};
/* End PBXNativeTarget section */

/* Begin PBXProject section */
		C59C1281263D4BC90050C40D /* Project object */ = {
			isa = PBXProject;
			attributes = {
				LastSwiftUpdateCheck = 1240;
				LastUpgradeCheck = 1240;
				TargetAttributes = {
					C59C1288263D4BCA0050C40D = {
						CreatedOnToolsVersion = 12.4;
					};
				};
			};
			buildConfigurationList = C59C1284263D4BC90050C40D /* Build configuration list for PBXProject "CoreDataProject" */;
			compatibilityVersion = "Xcode 9.3";
			developmentRegion = en;
			hasScannedForEncodings = 0;
			knownRegions = (
				en,
				Base,
			);
			mainGroup = C59C1280263D4BC90050C40D;
			productRefGroup = C59C128A263D4BCA0050C40D /* Products */;
			projectDirPath = "";
			projectRoot = "";
			targets = (
				C59C1288263D4BCA0050C40D /* CoreDataProject */,
			);
		};
/* End PBXProject section */

/* Begin PBXResourcesBuildPhase section */
		C59C1287263D4BCA0050C40D /* Resources */ = {
			isa = PBXResourcesBuildPhase;
			buildActionMask = 2147483647;
			files = (
				C59C129C263D4BCC0050C40D /* LaunchScreen.storyboard in Resources */,
				C59C1299263D4BCC0050C40D /* Preview Assets.xcassets in Resources */,
				C59C1296263D4BCC0050C40D /* Assets.xcassets in Resources */,
			);
			runOnlyForDeploymentPostprocessing = 0;
		};
/* End PBXResourcesBuildPhase section */

/* Begin PBXSourcesBuildPhase section */
		C59C1285263D4BCA0050C40D /* Sources */ = {
			isa = PBXSourcesBuildPhase;
			buildActionMask = 2147483647;
			files = (
				C543A006263E9E7C0033F4AE /* Singer+CoreDataProperties.swift in Sources */,
				C59C128D263D4BCA0050C40D /* AppDelegate.swift in Sources */,
				C59C128F263D4BCA0050C40D /* SceneDelegate.swift in Sources */,
				C59C1294263D4BCA0050C40D /* CoreDataProject.xcdatamodeld in Sources */,
				C59C1291263D4BCA0050C40D /* ContentView.swift in Sources */,
				C5439FF6263E8F670033F4AE /* FilteredList.swift in Sources */,
				C543A005263E9E7C0033F4AE /* Singer+CoreDataClass.swift in Sources */,
			);
			runOnlyForDeploymentPostprocessing = 0;
		};
/* End PBXSourcesBuildPhase section */

/* Begin PBXVariantGroup section */
		C59C129A263D4BCC0050C40D /* LaunchScreen.storyboard */ = {
			isa = PBXVariantGroup;
			children = (
				C59C129B263D4BCC0050C40D /* Base */,
			);
			name = LaunchScreen.storyboard;
			sourceTree = "<group>";
		};
/* End PBXVariantGroup section */

/* Begin XCBuildConfiguration section */
		C59C129E263D4BCC0050C40D /* Debug */ = {
			isa = XCBuildConfiguration;
			buildSettings = {
				ALWAYS_SEARCH_USER_PATHS = NO;
				CLANG_ANALYZER_NONNULL = YES;
				CLANG_ANALYZER_NUMBER_OBJECT_CONVERSION = YES_AGGRESSIVE;
				CLANG_CXX_LANGUAGE_STANDARD = "gnu++14";
				CLANG_CXX_LIBRARY = "libc++";
				CLANG_ENABLE_MODULES = YES;
				CLANG_ENABLE_OBJC_ARC = YES;
				CLANG_ENABLE_OBJC_WEAK = YES;
				CLANG_WARN_BLOCK_CAPTURE_AUTORELEASING = YES;
				CLANG_WARN_BOOL_CONVERSION = YES;
				CLANG_WARN_COMMA = YES;
				CLANG_WARN_CONSTANT_CONVERSION = YES;
				CLANG_WARN_DEPRECATED_OBJC_IMPLEMENTATIONS = YES;
				CLANG_WARN_DIRECT_OBJC_ISA_USAGE = YES_ERROR;
				CLANG_WARN_DOCUMENTATION_COMMENTS = YES;
				CLANG_WARN_EMPTY_BODY = YES;
				CLANG_WARN_ENUM_CONVERSION = YES;
				CLANG_WARN_INFINITE_RECURSION = YES;
				CLANG_WARN_INT_CONVERSION = YES;
				CLANG_WARN_NON_LITERAL_NULL_CONVERSION = YES;
				CLANG_WARN_OBJC_IMPLICIT_RETAIN_SELF = YES;
				CLANG_WARN_OBJC_LITERAL_CONVERSION = YES;
				CLANG_WARN_OBJC_ROOT_CLASS = YES_ERROR;
				CLANG_WARN_QUOTED_INCLUDE_IN_FRAMEWORK_HEADER = YES;
				CLANG_WARN_RANGE_LOOP_ANALYSIS = YES;
				CLANG_WARN_STRICT_PROTOTYPES = YES;
				CLANG_WARN_SUSPICIOUS_MOVE = YES;
				CLANG_WARN_UNGUARDED_AVAILABILITY = YES_AGGRESSIVE;
				CLANG_WARN_UNREACHABLE_CODE = YES;
				CLANG_WARN__DUPLICATE_METHOD_MATCH = YES;
				COPY_PHASE_STRIP = NO;
				DEBUG_INFORMATION_FORMAT = dwarf;
				ENABLE_STRICT_OBJC_MSGSEND = YES;
				ENABLE_TESTABILITY = YES;
				GCC_C_LANGUAGE_STANDARD = gnu11;
				GCC_DYNAMIC_NO_PIC = NO;
				GCC_NO_COMMON_BLOCKS = YES;
				GCC_OPTIMIZATION_LEVEL = 0;
				GCC_PREPROCESSOR_DEFINITIONS = (
					"DEBUG=1",
					"$(inherited)",
				);
				GCC_WARN_64_TO_32_BIT_CONVERSION = YES;
				GCC_WARN_ABOUT_RETURN_TYPE = YES_ERROR;
				GCC_WARN_UNDECLARED_SELECTOR = YES;
				GCC_WARN_UNINITIALIZED_AUTOS = YES_AGGRESSIVE;
				GCC_WARN_UNUSED_FUNCTION = YES;
				GCC_WARN_UNUSED_VARIABLE = YES;
				IPHONEOS_DEPLOYMENT_TARGET = 14.4;
				MTL_ENABLE_DEBUG_INFO = INCLUDE_SOURCE;
				MTL_FAST_MATH = YES;
				ONLY_ACTIVE_ARCH = YES;
				SDKROOT = iphoneos;
				SWIFT_ACTIVE_COMPILATION_CONDITIONS = DEBUG;
				SWIFT_OPTIMIZATION_LEVEL = "-Onone";
			};
			name = Debug;
		};
		C59C129F263D4BCC0050C40D /* Release */ = {
			isa = XCBuildConfiguration;
			buildSettings = {
				ALWAYS_SEARCH_USER_PATHS = NO;
				CLANG_ANALYZER_NONNULL = YES;
				CLANG_ANALYZER_NUMBER_OBJECT_CONVERSION = YES_AGGRESSIVE;
				CLANG_CXX_LANGUAGE_STANDARD = "gnu++14";
				CLANG_CXX_LIBRARY = "libc++";
				CLANG_ENABLE_MODULES = YES;
				CLANG_ENABLE_OBJC_ARC = YES;
				CLANG_ENABLE_OBJC_WEAK = YES;
				CLANG_WARN_BLOCK_CAPTURE_AUTORELEASING = YES;
				CLANG_WARN_BOOL_CONVERSION = YES;
				CLANG_WARN_COMMA = YES;
				CLANG_WARN_CONSTANT_CONVERSION = YES;
				CLANG_WARN_DEPRECATED_OBJC_IMPLEMENTATIONS = YES;
				CLANG_WARN_DIRECT_OBJC_ISA_USAGE = YES_ERROR;
				CLANG_WARN_DOCUMENTATION_COMMENTS = YES;
				CLANG_WARN_EMPTY_BODY = YES;
				CLANG_WARN_ENUM_CONVERSION = YES;
				CLANG_WARN_INFINITE_RECURSION = YES;
				CLANG_WARN_INT_CONVERSION = YES;
				CLANG_WARN_NON_LITERAL_NULL_CONVERSION = YES;
				CLANG_WARN_OBJC_IMPLICIT_RETAIN_SELF = YES;
				CLANG_WARN_OBJC_LITERAL_CONVERSION = YES;
				CLANG_WARN_OBJC_ROOT_CLASS = YES_ERROR;
				CLANG_WARN_QUOTED_INCLUDE_IN_FRAMEWORK_HEADER = YES;
				CLANG_WARN_RANGE_LOOP_ANALYSIS = YES;
				CLANG_WARN_STRICT_PROTOTYPES = YES;
				CLANG_WARN_SUSPICIOUS_MOVE = YES;
				CLANG_WARN_UNGUARDED_AVAILABILITY = YES_AGGRESSIVE;
				CLANG_WARN_UNREACHABLE_CODE = YES;
				CLANG_WARN__DUPLICATE_METHOD_MATCH = YES;
				COPY_PHASE_STRIP = NO;
				DEBUG_INFORMATION_FORMAT = "dwarf-with-dsym";
				ENABLE_NS_ASSERTIONS = NO;
				ENABLE_STRICT_OBJC_MSGSEND = YES;
				GCC_C_LANGUAGE_STANDARD = gnu11;
				GCC_NO_COMMON_BLOCKS = YES;
				GCC_WARN_64_TO_32_BIT_CONVERSION = YES;
				GCC_WARN_ABOUT_RETURN_TYPE = YES_ERROR;
				GCC_WARN_UNDECLARED_SELECTOR = YES;
				GCC_WARN_UNINITIALIZED_AUTOS = YES_AGGRESSIVE;
				GCC_WARN_UNUSED_FUNCTION = YES;
				GCC_WARN_UNUSED_VARIABLE = YES;
				IPHONEOS_DEPLOYMENT_TARGET = 14.4;
				MTL_ENABLE_DEBUG_INFO = NO;
				MTL_FAST_MATH = YES;
				SDKROOT = iphoneos;
				SWIFT_COMPILATION_MODE = wholemodule;
				SWIFT_OPTIMIZATION_LEVEL = "-O";
				VALIDATE_PRODUCT = YES;
			};
			name = Release;
		};
		C59C12A1263D4BCC0050C40D /* Debug */ = {
			isa = XCBuildConfiguration;
			buildSettings = {
				ASSETCATALOG_COMPILER_APPICON_NAME = AppIcon;
				ASSETCATALOG_COMPILER_GLOBAL_ACCENT_COLOR_NAME = AccentColor;
				CODE_SIGN_STYLE = Automatic;
				DEVELOPMENT_ASSET_PATHS = "\"CoreDataProject/Preview Content\"";
				ENABLE_PREVIEWS = YES;
				INFOPLIST_FILE = CoreDataProject/Info.plist;
				LD_RUNPATH_SEARCH_PATHS = (
					"$(inherited)",
					"@executable_path/Frameworks",
				);
				PRODUCT_BUNDLE_IDENTIFIER = com.swiftui.cobe.pers.CoreDataProject;
				PRODUCT_NAME = "$(TARGET_NAME)";
				SWIFT_VERSION = 5.0;
				TARGETED_DEVICE_FAMILY = "1,2";
			};
			name = Debug;
		};
		C59C12A2263D4BCC0050C40D /* Release */ = {
			isa = XCBuildConfiguration;
			buildSettings = {
				ASSETCATALOG_COMPILER_APPICON_NAME = AppIcon;
				ASSETCATALOG_COMPILER_GLOBAL_ACCENT_COLOR_NAME = AccentColor;
				CODE_SIGN_STYLE = Automatic;
				DEVELOPMENT_ASSET_PATHS = "\"CoreDataProject/Preview Content\"";
				ENABLE_PREVIEWS = YES;
				INFOPLIST_FILE = CoreDataProject/Info.plist;
				LD_RUNPATH_SEARCH_PATHS = (
					"$(inherited)",
					"@executable_path/Frameworks",
				);
				PRODUCT_BUNDLE_IDENTIFIER = com.swiftui.cobe.pers.CoreDataProject;
				PRODUCT_NAME = "$(TARGET_NAME)";
				SWIFT_VERSION = 5.0;
				TARGETED_DEVICE_FAMILY = "1,2";
			};
			name = Release;
		};
/* End XCBuildConfiguration section */

/* Begin XCConfigurationList section */
		C59C1284263D4BC90050C40D /* Build configuration list for PBXProject "CoreDataProject" */ = {
			isa = XCConfigurationList;
			buildConfigurations = (
				C59C129E263D4BCC0050C40D /* Debug */,
				C59C129F263D4BCC0050C40D /* Release */,
			);
			defaultConfigurationIsVisible = 0;
			defaultConfigurationName = Release;
		};
		C59C12A0263D4BCC0050C40D /* Build configuration list for PBXNativeTarget "CoreDataProject" */ = {
			isa = XCConfigurationList;
			buildConfigurations = (
				C59C12A1263D4BCC0050C40D /* Debug */,
				C59C12A2263D4BCC0050C40D /* Release */,
			);
			defaultConfigurationIsVisible = 0;
			defaultConfigurationName = Release;
		};
/* End XCConfigurationList section */

/* Begin XCVersionGroup section */
		C59C1292263D4BCA0050C40D /* CoreDataProject.xcdatamodeld */ = {
			isa = XCVersionGroup;
			children = (
				C59C1293263D4BCA0050C40D /* CoreDataProject.xcdatamodel */,
			);
			currentVersion = C59C1293263D4BCA0050C40D /* CoreDataProject.xcdatamodel */;
			path = CoreDataProject.xcdatamodeld;
			sourceTree = "<group>";
			versionGroupType = wrapper.xcdatamodel;
		};
/* End XCVersionGroup section */
	};
	rootObject = C59C1281263D4BC90050C40D /* Project object */;
}
